PODS:
  - Flutter (1.0.0)
  - fluttertoast (0.0.2):
    - Flutter
  - url_launcher_ios (0.0.1):
    - Flutter

DEPENDENCIES:
  - Flutter (from `Flutter`)
  - fluttertoast (from `.symlinks/plugins/fluttertoast/ios`)
  - url_launcher_ios (from `.symlinks/plugins/url_launcher_ios/ios`)

EXTERNAL SOURCES:
  Flutter:
    :path: Flutter
  fluttertoast:
    :path: ".symlinks/plugins/fluttertoast/ios"
  url_launcher_ios:
    :path: ".symlinks/plugins/url_launcher_ios/ios"

SPEC CHECKSUMS:
  Flutter: cabc95a1d2626b1b06e7179b784ebcf0c0cde467
  fluttertoast: 2c67e14dce98bbdb200df9e1acf610d7a6264ea1
  url_launcher_ios: 694010445543906933d732453a59da0a173ae33d

PODFILE CHECKSUM: 72f5ece55f6a5857caf92ea1dcad3ec583a3345d

COCOAPODS: 1.16.2
